// !$*UTF8*$!
{
	archiveVersion = 1;
	classes = {
	};
	objectVersion = 54;
	objects = {

/* Begin PBXBuildFile section */
		1308835021F9BF710052050C /* AppDelegate.swift in Sources */ = {isa = PBXBuildFile; fileRef = 1308834F21F9BF710052050C /* AppDelegate.swift */; };
		1308835221F9BF710052050C /* Welcome.swift in Sources */ = {isa = PBXBuildFile; fileRef = 1308835121F9BF710052050C /* Welcome.swift */; };
		1308835821F9BF710052050C /* TravelJournal2.xcdatamodeld in Sources */ = {isa = PBXBuildFile; fileRef = 1308835621F9BF710052050C /* TravelJournal2.xcdatamodeld */; };
		1308835A21F9BF720052050C /* Assets.xcassets in Resources */ = {isa = PBXBuildFile; fileRef = 1308835921F9BF720052050C /* Assets.xcassets */; };
		1308835D21F9BF720052050C /* LaunchScreen.storyboard in Resources */ = {isa = PBXBuildFile; fileRef = 1308835B21F9BF720052050C /* LaunchScreen.storyboard */; };
		13210FAD2213EEE6005A65A6 /* ImageClassifier.mlmodel in Sources */ = {isa = PBXBuildFile; fileRef = 13210FAC2213EEE6005A65A6 /* ImageClassifier.mlmodel */; };
		1342DC3F2205105F00A57C57 /* EditPost.swift in Sources */ = {isa = PBXBuildFile; fileRef = 1342DC3E2205105F00A57C57 /* EditPost.swift */; };
		13563691220A1FCA0049E161 /* Extensions.swift in Sources */ = {isa = PBXBuildFile; fileRef = 13563690220A1FCA0049E161 /* Extensions.swift */; };
		13727BB821F9C43D0053CA88 /* TripData.swift in Sources */ = {isa = PBXBuildFile; fileRef = 13727BB721F9C43D0053CA88 /* TripData.swift */; };
		13727BBA21F9C5880053CA88 /* GoogleService-Info.plist in Resources */ = {isa = PBXBuildFile; fileRef = 13727BB921F9C5880053CA88 /* GoogleService-Info.plist */; };
		13727BBC21F9C5CF0053CA88 /* NewTrip.swift in Sources */ = {isa = PBXBuildFile; fileRef = 13727BBB21F9C5CF0053CA88 /* NewTrip.swift */; };
		13727BC221F9C6560053CA88 /* MyTrips.swift in Sources */ = {isa = PBXBuildFile; fileRef = 13727BC121F9C6560053CA88 /* MyTrips.swift */; };
		137D92092CCDAB9C00D630C9 /* FirebaseAuth in Frameworks */ = {isa = PBXBuildFile; productRef = 137D92082CCDAB9C00D630C9 /* FirebaseAuth */; };
		137D920B2CCDAB9C00D630C9 /* FirebaseCore in Frameworks */ = {isa = PBXBuildFile; productRef = 137D920A2CCDAB9C00D630C9 /* FirebaseCore */; };
		137D920D2CCDAB9C00D630C9 /* FirebaseFirestore in Frameworks */ = {isa = PBXBuildFile; productRef = 137D920C2CCDAB9C00D630C9 /* FirebaseFirestore */; };
		137D920F2CCDAB9C00D630C9 /* FirebaseStorage in Frameworks */ = {isa = PBXBuildFile; productRef = 137D920E2CCDAB9C00D630C9 /* FirebaseStorage */; };
		137D92132CCDAEC100D630C9 /* FacebookCore in Frameworks */ = {isa = PBXBuildFile; productRef = 137D92122CCDAEC100D630C9 /* FacebookCore */; };
		137D92152CCDAEC100D630C9 /* FacebookLogin in Frameworks */ = {isa = PBXBuildFile; productRef = 137D92142CCDAEC100D630C9 /* FacebookLogin */; };
		137D92172CCDAEC100D630C9 /* FacebookShare in Frameworks */ = {isa = PBXBuildFile; productRef = 137D92162CCDAEC100D630C9 /* FacebookShare */; };
		137D921A2CCDB48500D630C9 /* SVProgressHUD in Frameworks */ = {isa = PBXBuildFile; productRef = 137D92192CCDB48500D630C9 /* SVProgressHUD */; };
		13ADBDD32207CD7C002B765E /* Medinah.ttf in Resources */ = {isa = PBXBuildFile; fileRef = 13ADBDD02207CD15002B765E /* Medinah.ttf */; };
		13ADBDDC2207DB46002B765E /* Hamilyn.otf in Resources */ = {isa = PBXBuildFile; fileRef = 13ADBDDB2207DB46002B765E /* Hamilyn.otf */; };
		13B6DE512200804A00238695 /* ShowMap.swift in Sources */ = {isa = PBXBuildFile; fileRef = 13B6DE502200804A00238695 /* ShowMap.swift */; };
		13C4BB1021FF2C83008D6BC5 /* NewPost.swift in Sources */ = {isa = PBXBuildFile; fileRef = 13C4BB0F21FF2C83008D6BC5 /* NewPost.swift */; };
		13CE55F121FB082A00F85906 /* ViewPost.swift in Sources */ = {isa = PBXBuildFile; fileRef = 13CE55F021FB082A00F85906 /* ViewPost.swift */; };
		7E23826B220DA5A80054B674 /* Localizable.strings in Resources */ = {isa = PBXBuildFile; fileRef = 7E238269220DA5A80054B674 /* Localizable.strings */; };
		7E9BB10F21F9ED1700CABAE2 /* TripCollectionViewCell.swift in Sources */ = {isa = PBXBuildFile; fileRef = 7E9BB10D21F9ED1700CABAE2 /* TripCollectionViewCell.swift */; };
		7E9BB11021F9ED1700CABAE2 /* TripCollectionViewCell.xib in Resources */ = {isa = PBXBuildFile; fileRef = 7E9BB10E21F9ED1700CABAE2 /* TripCollectionViewCell.xib */; };
		7EAE243D2212CE23003049B8 /* UIViewController + Custom Background.swift in Sources */ = {isa = PBXBuildFile; fileRef = 7EAE243C2212CE23003049B8 /* UIViewController + Custom Background.swift */; };
		7EC316C621FF3DC300C5A406 /* UIImage + Decompression.swift in Sources */ = {isa = PBXBuildFile; fileRef = 7EC316C521FF3DC300C5A406 /* UIImage + Decompression.swift */; };
		7EC316C821FF3DFF00C5A406 /* UltraVisualLayout.swift in Sources */ = {isa = PBXBuildFile; fileRef = 7EC316C721FF3DFF00C5A406 /* UltraVisualLayout.swift */; };
		7EC316CA21FF3E5400C5A406 /* PostsCollectionViewController.swift in Sources */ = {isa = PBXBuildFile; fileRef = 7EC316C921FF3E5400C5A406 /* PostsCollectionViewController.swift */; };
		7EC316CD21FF3EEB00C5A406 /* PostCollectionViewCell.swift in Sources */ = {isa = PBXBuildFile; fileRef = 7EC316CB21FF3EEB00C5A406 /* PostCollectionViewCell.swift */; };
		7EC316CE21FF3EEB00C5A406 /* PostCollectionViewCell.xib in Resources */ = {isa = PBXBuildFile; fileRef = 7EC316CC21FF3EEB00C5A406 /* PostCollectionViewCell.xib */; };
		D638CD89D2A8BFEB8DE46701 /* Pods_TravelJournal2.framework in Frameworks */ = {isa = PBXBuildFile; fileRef = D67780BA536D3A382E096593 /* Pods_TravelJournal2.framework */; };
/* End PBXBuildFile section */

/* Begin PBXFileReference section */
		0AF1EC0F20F2C662666B9E6A /* Pods-TravelJournal2.release.xcconfig */ = {isa = PBXFileReference; includeInIndex = 1; lastKnownFileType = text.xcconfig; name = "Pods-TravelJournal2.release.xcconfig"; path = "Pods/Target Support Files/Pods-TravelJournal2/Pods-TravelJournal2.release.xcconfig"; sourceTree = "<group>"; };
		1308834C21F9BF710052050C /* TravelJournal2.app */ = {isa = PBXFileReference; explicitFileType = wrapper.application; includeInIndex = 0; path = TravelJournal2.app; sourceTree = BUILT_PRODUCTS_DIR; };
		1308834F21F9BF710052050C /* AppDelegate.swift */ = {isa = PBXFileReference; lastKnownFileType = sourcecode.swift; path = AppDelegate.swift; sourceTree = "<group>"; };
		1308835121F9BF710052050C /* Welcome.swift */ = {isa = PBXFileReference; lastKnownFileType = sourcecode.swift; path = Welcome.swift; sourceTree = "<group>"; };
		1308835721F9BF710052050C /* TravelJournal2.xcdatamodel */ = {isa = PBXFileReference; lastKnownFileType = wrapper.xcdatamodel; path = TravelJournal2.xcdatamodel; sourceTree = "<group>"; };
		1308835921F9BF720052050C /* Assets.xcassets */ = {isa = PBXFileReference; lastKnownFileType = folder.assetcatalog; path = Assets.xcassets; sourceTree = "<group>"; };
		1308835C21F9BF720052050C /* Base */ = {isa = PBXFileReference; lastKnownFileType = file.storyboard; name = Base; path = Base.lproj/LaunchScreen.storyboard; sourceTree = "<group>"; };
		1308835E21F9BF720052050C /* Info.plist */ = {isa = PBXFileReference; lastKnownFileType = text.plist.xml; path = Info.plist; sourceTree = "<group>"; };
		13210FAC2213EEE6005A65A6 /* ImageClassifier.mlmodel */ = {isa = PBXFileReference; lastKnownFileType = file.mlmodel; path = ImageClassifier.mlmodel; sourceTree = "<group>"; };
		1342DC3E2205105F00A57C57 /* EditPost.swift */ = {isa = PBXFileReference; lastKnownFileType = sourcecode.swift; path = EditPost.swift; sourceTree = "<group>"; };
		13563690220A1FCA0049E161 /* Extensions.swift */ = {isa = PBXFileReference; lastKnownFileType = sourcecode.swift; path = Extensions.swift; sourceTree = "<group>"; };
		13727BB721F9C43D0053CA88 /* TripData.swift */ = {isa = PBXFileReference; lastKnownFileType = sourcecode.swift; path = TripData.swift; sourceTree = "<group>"; };
		13727BB921F9C5880053CA88 /* GoogleService-Info.plist */ = {isa = PBXFileReference; fileEncoding = 4; lastKnownFileType = text.plist.xml; path = "GoogleService-Info.plist"; sourceTree = "<group>"; };
		13727BBB21F9C5CF0053CA88 /* NewTrip.swift */ = {isa = PBXFileReference; lastKnownFileType = sourcecode.swift; path = NewTrip.swift; sourceTree = "<group>"; };
		13727BC121F9C6560053CA88 /* MyTrips.swift */ = {isa = PBXFileReference; lastKnownFileType = sourcecode.swift; path = MyTrips.swift; sourceTree = "<group>"; };
		13ADBDD02207CD15002B765E /* Medinah.ttf */ = {isa = PBXFileReference; lastKnownFileType = file; path = Medinah.ttf; sourceTree = "<group>"; };
		13ADBDDB2207DB46002B765E /* Hamilyn.otf */ = {isa = PBXFileReference; lastKnownFileType = file; path = Hamilyn.otf; sourceTree = "<group>"; };
		13B6DE502200804A00238695 /* ShowMap.swift */ = {isa = PBXFileReference; lastKnownFileType = sourcecode.swift; path = ShowMap.swift; sourceTree = "<group>"; };
		13C4BB0F21FF2C83008D6BC5 /* NewPost.swift */ = {isa = PBXFileReference; lastKnownFileType = sourcecode.swift; path = NewPost.swift; sourceTree = "<group>"; };
		13CE55F021FB082A00F85906 /* ViewPost.swift */ = {isa = PBXFileReference; lastKnownFileType = sourcecode.swift; path = ViewPost.swift; sourceTree = "<group>"; };
		7E238268220DA56D0054B674 /* sv */ = {isa = PBXFileReference; lastKnownFileType = text.plist.strings; name = sv; path = sv.lproj/LaunchScreen.strings; sourceTree = "<group>"; };
		7E23826A220DA5A80054B674 /* Base */ = {isa = PBXFileReference; lastKnownFileType = text.plist.strings; name = Base; path = TravelJournal2/Base.lproj/Localizable.strings; sourceTree = "<group>"; };
		7E23826C220DA5AD0054B674 /* en */ = {isa = PBXFileReference; lastKnownFileType = text.plist.strings; name = en; path = TravelJournal2/en.lproj/Localizable.strings; sourceTree = "<group>"; };
		7E23826D220DA5B20054B674 /* sv */ = {isa = PBXFileReference; lastKnownFileType = text.plist.strings; name = sv; path = TravelJournal2/sv.lproj/Localizable.strings; sourceTree = "<group>"; };
		7E9BB10D21F9ED1700CABAE2 /* TripCollectionViewCell.swift */ = {isa = PBXFileReference; lastKnownFileType = sourcecode.swift; path = TripCollectionViewCell.swift; sourceTree = "<group>"; };
		7E9BB10E21F9ED1700CABAE2 /* TripCollectionViewCell.xib */ = {isa = PBXFileReference; lastKnownFileType = file.xib; path = TripCollectionViewCell.xib; sourceTree = "<group>"; };
		7EAE243C2212CE23003049B8 /* UIViewController + Custom Background.swift */ = {isa = PBXFileReference; lastKnownFileType = sourcecode.swift; path = "UIViewController + Custom Background.swift"; sourceTree = "<group>"; };
		7EC316C521FF3DC300C5A406 /* UIImage + Decompression.swift */ = {isa = PBXFileReference; lastKnownFileType = sourcecode.swift; path = "UIImage + Decompression.swift"; sourceTree = "<group>"; };
		7EC316C721FF3DFF00C5A406 /* UltraVisualLayout.swift */ = {isa = PBXFileReference; lastKnownFileType = sourcecode.swift; path = UltraVisualLayout.swift; sourceTree = "<group>"; };
		7EC316C921FF3E5400C5A406 /* PostsCollectionViewController.swift */ = {isa = PBXFileReference; lastKnownFileType = sourcecode.swift; path = PostsCollectionViewController.swift; sourceTree = "<group>"; };
		7EC316CB21FF3EEB00C5A406 /* PostCollectionViewCell.swift */ = {isa = PBXFileReference; lastKnownFileType = sourcecode.swift; path = PostCollectionViewCell.swift; sourceTree = "<group>"; };
		7EC316CC21FF3EEB00C5A406 /* PostCollectionViewCell.xib */ = {isa = PBXFileReference; lastKnownFileType = file.xib; path = PostCollectionViewCell.xib; sourceTree = "<group>"; };
		B9FC714A9A7237F1EB6D4CF5 /* Pods-TravelJournal2.debug.xcconfig */ = {isa = PBXFileReference; includeInIndex = 1; lastKnownFileType = text.xcconfig; name = "Pods-TravelJournal2.debug.xcconfig"; path = "Pods/Target Support Files/Pods-TravelJournal2/Pods-TravelJournal2.debug.xcconfig"; sourceTree = "<group>"; };
		D67780BA536D3A382E096593 /* Pods_TravelJournal2.framework */ = {isa = PBXFileReference; explicitFileType = wrapper.framework; includeInIndex = 0; path = Pods_TravelJournal2.framework; sourceTree = BUILT_PRODUCTS_DIR; };
/* End PBXFileReference section */

/* Begin PBXFrameworksBuildPhase section */
		1308834921F9BF710052050C /* Frameworks */ = {
			isa = PBXFrameworksBuildPhase;
			buildActionMask = 2147483647;
			files = (
				D638CD89D2A8BFEB8DE46701 /* Pods_TravelJournal2.framework in Frameworks */,
				137D92132CCDAEC100D630C9 /* FacebookCore in Frameworks */,
				137D92172CCDAEC100D630C9 /* FacebookShare in Frameworks */,
				137D921A2CCDB48500D630C9 /* SVProgressHUD in Frameworks */,
				137D920D2CCDAB9C00D630C9 /* FirebaseFirestore in Frameworks */,
				137D920B2CCDAB9C00D630C9 /* FirebaseCore in Frameworks */,
				137D920F2CCDAB9C00D630C9 /* FirebaseStorage in Frameworks */,
				137D92152CCDAEC100D630C9 /* FacebookLogin in Frameworks */,
				137D92092CCDAB9C00D630C9 /* FirebaseAuth in Frameworks */,
			);
			runOnlyForDeploymentPostprocessing = 0;
		};
/* End PBXFrameworksBuildPhase section */

/* Begin PBXGroup section */
		1308834321F9BF710052050C = {
			isa = PBXGroup;
			children = (
				1308834E21F9BF710052050C /* TravelJournal2 */,
				1308834D21F9BF710052050C /* Products */,
				F551CFAB86B9813D867B2F6F /* Pods */,
				BCC9224A0BA74300DEFF7400 /* Frameworks */,
			);
			sourceTree = "<group>";
		};
		1308834D21F9BF710052050C /* Products */ = {
			isa = PBXGroup;
			children = (
				1308834C21F9BF710052050C /* TravelJournal2.app */,
			);
			name = Products;
			sourceTree = "<group>";
		};
		1308834E21F9BF710052050C /* TravelJournal2 */ = {
			isa = PBXGroup;
			children = (
				1308834F21F9BF710052050C /* AppDelegate.swift */,
				7EC316C721FF3DFF00C5A406 /* UltraVisualLayout.swift */,
				7EAE243B2212CCBF003049B8 /* Model */,
				7EAE24382212CC3E003049B8 /* Extensions */,
				7EAE24392212CC65003049B8 /* Controllers */,
				7EAE243A2212CC90003049B8 /* View */,
				1308835921F9BF720052050C /* Assets.xcassets */,
				1308835E21F9BF720052050C /* Info.plist */,
				13727BB921F9C5880053CA88 /* GoogleService-Info.plist */,
				13ADBDDB2207DB46002B765E /* Hamilyn.otf */,
				13ADBDD02207CD15002B765E /* Medinah.ttf */,
				7E238269220DA5A80054B674 /* Localizable.strings */,
			);
			path = TravelJournal2;
			sourceTree = "<group>";
		};
		7EAE24382212CC3E003049B8 /* Extensions */ = {
			isa = PBXGroup;
			children = (
				7EC316C521FF3DC300C5A406 /* UIImage + Decompression.swift */,
				13563690220A1FCA0049E161 /* Extensions.swift */,
				7EAE243C2212CE23003049B8 /* UIViewController + Custom Background.swift */,
			);
			path = Extensions;
			sourceTree = "<group>";
		};
		7EAE24392212CC65003049B8 /* Controllers */ = {
			isa = PBXGroup;
			children = (
				13B6DE502200804A00238695 /* ShowMap.swift */,
				1308835121F9BF710052050C /* Welcome.swift */,
				13727BBB21F9C5CF0053CA88 /* NewTrip.swift */,
				13727BC121F9C6560053CA88 /* MyTrips.swift */,
				7EC316C921FF3E5400C5A406 /* PostsCollectionViewController.swift */,
				13CE55F021FB082A00F85906 /* ViewPost.swift */,
				1342DC3E2205105F00A57C57 /* EditPost.swift */,
				13C4BB0F21FF2C83008D6BC5 /* NewPost.swift */,
			);
			path = Controllers;
			sourceTree = "<group>";
		};
		7EAE243A2212CC90003049B8 /* View */ = {
			isa = PBXGroup;
			children = (
				7EC316CB21FF3EEB00C5A406 /* PostCollectionViewCell.swift */,
				7EC316CC21FF3EEB00C5A406 /* PostCollectionViewCell.xib */,
				7E9BB10D21F9ED1700CABAE2 /* TripCollectionViewCell.swift */,
				7E9BB10E21F9ED1700CABAE2 /* TripCollectionViewCell.xib */,
				1308835B21F9BF720052050C /* LaunchScreen.storyboard */,
			);
			path = View;
			sourceTree = "<group>";
		};
		7EAE243B2212CCBF003049B8 /* Model */ = {
			isa = PBXGroup;
			children = (
				13210FAC2213EEE6005A65A6 /* ImageClassifier.mlmodel */,
				1308835621F9BF710052050C /* TravelJournal2.xcdatamodeld */,
				13727BB721F9C43D0053CA88 /* TripData.swift */,
			);
			path = Model;
			sourceTree = "<group>";
		};
		BCC9224A0BA74300DEFF7400 /* Frameworks */ = {
			isa = PBXGroup;
			children = (
				D67780BA536D3A382E096593 /* Pods_TravelJournal2.framework */,
			);
			name = Frameworks;
			sourceTree = "<group>";
		};
		F551CFAB86B9813D867B2F6F /* Pods */ = {
			isa = PBXGroup;
			children = (
				B9FC714A9A7237F1EB6D4CF5 /* Pods-TravelJournal2.debug.xcconfig */,
				0AF1EC0F20F2C662666B9E6A /* Pods-TravelJournal2.release.xcconfig */,
			);
			name = Pods;
			sourceTree = "<group>";
		};
/* End PBXGroup section */

/* Begin PBXNativeTarget section */
		1308834B21F9BF710052050C /* TravelJournal2 */ = {
			isa = PBXNativeTarget;
			buildConfigurationList = 1308836121F9BF720052050C /* Build configuration list for PBXNativeTarget "TravelJournal2" */;
			buildPhases = (
				4276DEF54104EA9B833B7392 /* [CP] Check Pods Manifest.lock */,
				1308834821F9BF710052050C /* Sources */,
				1308834921F9BF710052050C /* Frameworks */,
				1308834A21F9BF710052050C /* Resources */,
				AE7C423349EFD8CD7D87B8D9 /* [CP] Embed Pods Frameworks */,
			);
			buildRules = (
			);
			dependencies = (
			);
			name = TravelJournal2;
			productName = TravelJournal2;
			productReference = 1308834C21F9BF710052050C /* TravelJournal2.app */;
			productType = "com.apple.product-type.application";
		};
/* End PBXNativeTarget section */

/* Begin PBXProject section */
		1308834421F9BF710052050C /* Project object */ = {
			isa = PBXProject;
			attributes = {
				BuildIndependentTargetsInParallel = YES;
				LastSwiftUpdateCheck = 1010;
				LastUpgradeCheck = 1600;
				ORGANIZATIONNAME = "Niclas Nordling";
				TargetAttributes = {
					1308834B21F9BF710052050C = {
						CreatedOnToolsVersion = 10.1;
					};
				};
			};
			buildConfigurationList = 1308834721F9BF710052050C /* Build configuration list for PBXProject "TravelJournal2" */;
			compatibilityVersion = "Xcode 9.3";
			developmentRegion = en;
			hasScannedForEncodings = 0;
			knownRegions = (
				en,
				Base,
				sv,
			);
			mainGroup = 1308834321F9BF710052050C;
			packageReferences = (
				137D92072CCDAB9C00D630C9 /* XCRemoteSwiftPackageReference "firebase-ios-sdk" */,
				137D92112CCDAEC100D630C9 /* XCRemoteSwiftPackageReference "facebook-ios-sdk" */,
				137D92182CCDB41400D630C9 /* XCRemoteSwiftPackageReference "SVProgressHUD" */,
			);
			productRefGroup = 1308834D21F9BF710052050C /* Products */;
			projectDirPath = "";
			projectRoot = "";
			targets = (
				1308834B21F9BF710052050C /* TravelJournal2 */,
			);
		};
/* End PBXProject section */

/* Begin PBXResourcesBuildPhase section */
		1308834A21F9BF710052050C /* Resources */ = {
			isa = PBXResourcesBuildPhase;
			buildActionMask = 2147483647;
			files = (
				1308835D21F9BF720052050C /* LaunchScreen.storyboard in Resources */,
				7E9BB11021F9ED1700CABAE2 /* TripCollectionViewCell.xib in Resources */,
				1308835A21F9BF720052050C /* Assets.xcassets in Resources */,
				13ADBDD32207CD7C002B765E /* Medinah.ttf in Resources */,
				13ADBDDC2207DB46002B765E /* Hamilyn.otf in Resources */,
				7E23826B220DA5A80054B674 /* Localizable.strings in Resources */,
				13727BBA21F9C5880053CA88 /* GoogleService-Info.plist in Resources */,
				7EC316CE21FF3EEB00C5A406 /* PostCollectionViewCell.xib in Resources */,
			);
			runOnlyForDeploymentPostprocessing = 0;
		};
/* End PBXResourcesBuildPhase section */

/* Begin PBXShellScriptBuildPhase section */
		4276DEF54104EA9B833B7392 /* [CP] Check Pods Manifest.lock */ = {
			isa = PBXShellScriptBuildPhase;
			buildActionMask = 2147483647;
			files = (
			);
			inputFileListPaths = (
			);
			inputPaths = (
				"${PODS_PODFILE_DIR_PATH}/Podfile.lock",
				"${PODS_ROOT}/Manifest.lock",
			);
			name = "[CP] Check Pods Manifest.lock";
			outputFileListPaths = (
			);
			outputPaths = (
				"$(DERIVED_FILE_DIR)/Pods-TravelJournal2-checkManifestLockResult.txt",
			);
			runOnlyForDeploymentPostprocessing = 0;
			shellPath = /bin/sh;
			shellScript = "diff \"${PODS_PODFILE_DIR_PATH}/Podfile.lock\" \"${PODS_ROOT}/Manifest.lock\" > /dev/null\nif [ $? != 0 ] ; then\n    # print error to STDERR\n    echo \"error: The sandbox is not in sync with the Podfile.lock. Run 'pod install' or update your CocoaPods installation.\" >&2\n    exit 1\nfi\n# This output is used by Xcode 'outputs' to avoid re-running this script phase.\necho \"SUCCESS\" > \"${SCRIPT_OUTPUT_FILE_0}\"\n";
			showEnvVarsInLog = 0;
		};
		AE7C423349EFD8CD7D87B8D9 /* [CP] Embed Pods Frameworks */ = {
			isa = PBXShellScriptBuildPhase;
			buildActionMask = 2147483647;
			files = (
			);
			inputFileListPaths = (
				"${PODS_ROOT}/Target Support Files/Pods-TravelJournal2/Pods-TravelJournal2-frameworks-${CONFIGURATION}-input-files.xcfilelist",
			);
			name = "[CP] Embed Pods Frameworks";
			outputFileListPaths = (
				"${PODS_ROOT}/Target Support Files/Pods-TravelJournal2/Pods-TravelJournal2-frameworks-${CONFIGURATION}-output-files.xcfilelist",
			);
			runOnlyForDeploymentPostprocessing = 0;
			shellPath = /bin/sh;
			shellScript = "\"${PODS_ROOT}/Target Support Files/Pods-TravelJournal2/Pods-TravelJournal2-frameworks.sh\"\n";
			showEnvVarsInLog = 0;
		};
/* End PBXShellScriptBuildPhase section */

/* Begin PBXSourcesBuildPhase section */
		1308834821F9BF710052050C /* Sources */ = {
			isa = PBXSourcesBuildPhase;
			buildActionMask = 2147483647;
			files = (
				1342DC3F2205105F00A57C57 /* EditPost.swift in Sources */,
				13563691220A1FCA0049E161 /* Extensions.swift in Sources */,
				13727BC221F9C6560053CA88 /* MyTrips.swift in Sources */,
				1308835821F9BF710052050C /* TravelJournal2.xcdatamodeld in Sources */,
				1308835221F9BF710052050C /* Welcome.swift in Sources */,
				13727BBC21F9C5CF0053CA88 /* NewTrip.swift in Sources */,
				13C4BB1021FF2C83008D6BC5 /* NewPost.swift in Sources */,
				13210FAD2213EEE6005A65A6 /* ImageClassifier.mlmodel in Sources */,
				13B6DE512200804A00238695 /* ShowMap.swift in Sources */,
				13CE55F121FB082A00F85906 /* ViewPost.swift in Sources */,
				7EC316C621FF3DC300C5A406 /* UIImage + Decompression.swift in Sources */,
				7EC316C821FF3DFF00C5A406 /* UltraVisualLayout.swift in Sources */,
				7EAE243D2212CE23003049B8 /* UIViewController + Custom Background.swift in Sources */,
				13727BB821F9C43D0053CA88 /* TripData.swift in Sources */,
				1308835021F9BF710052050C /* AppDelegate.swift in Sources */,
				7E9BB10F21F9ED1700CABAE2 /* TripCollectionViewCell.swift in Sources */,
				7EC316CD21FF3EEB00C5A406 /* PostCollectionViewCell.swift in Sources */,
				7EC316CA21FF3E5400C5A406 /* PostsCollectionViewController.swift in Sources */,
			);
			runOnlyForDeploymentPostprocessing = 0;
		};
/* End PBXSourcesBuildPhase section */

/* Begin PBXVariantGroup section */
		1308835B21F9BF720052050C /* LaunchScreen.storyboard */ = {
			isa = PBXVariantGroup;
			children = (
				1308835C21F9BF720052050C /* Base */,
				7E238268220DA56D0054B674 /* sv */,
			);
			name = LaunchScreen.storyboard;
			sourceTree = "<group>";
		};
		7E238269220DA5A80054B674 /* Localizable.strings */ = {
			isa = PBXVariantGroup;
			children = (
				7E23826A220DA5A80054B674 /* Base */,
				7E23826C220DA5AD0054B674 /* en */,
				7E23826D220DA5B20054B674 /* sv */,
			);
			name = Localizable.strings;
			sourceTree = "<group>";
		};
/* End PBXVariantGroup section */

/* Begin XCBuildConfiguration section */
		1308835F21F9BF720052050C /* Debug */ = {
			isa = XCBuildConfiguration;
			buildSettings = {
				ALWAYS_SEARCH_USER_PATHS = NO;
				ASSETCATALOG_COMPILER_GENERATE_SWIFT_ASSET_SYMBOL_EXTENSIONS = YES;
				CLANG_ANALYZER_LOCALIZABILITY_NONLOCALIZED = YES;
				CLANG_ANALYZER_NONNULL = YES;
				CLANG_ANALYZER_NUMBER_OBJECT_CONVERSION = YES_AGGRESSIVE;
				CLANG_CXX_LANGUAGE_STANDARD = "gnu++14";
				CLANG_CXX_LIBRARY = "libc++";
				CLANG_ENABLE_MODULES = YES;
				CLANG_ENABLE_OBJC_ARC = YES;
				CLANG_ENABLE_OBJC_WEAK = YES;
				CLANG_WARN_BLOCK_CAPTURE_AUTORELEASING = YES;
				CLANG_WARN_BOOL_CONVERSION = YES;
				CLANG_WARN_COMMA = YES;
				CLANG_WARN_CONSTANT_CONVERSION = YES;
				CLANG_WARN_DEPRECATED_OBJC_IMPLEMENTATIONS = YES;
				CLANG_WARN_DIRECT_OBJC_ISA_USAGE = YES_ERROR;
				CLANG_WARN_DOCUMENTATION_COMMENTS = YES;
				CLANG_WARN_EMPTY_BODY = YES;
				CLANG_WARN_ENUM_CONVERSION = YES;
				CLANG_WARN_INFINITE_RECURSION = YES;
				CLANG_WARN_INT_CONVERSION = YES;
				CLANG_WARN_NON_LITERAL_NULL_CONVERSION = YES;
				CLANG_WARN_OBJC_IMPLICIT_RETAIN_SELF = YES;
				CLANG_WARN_OBJC_LITERAL_CONVERSION = YES;
				CLANG_WARN_OBJC_ROOT_CLASS = YES_ERROR;
				CLANG_WARN_QUOTED_INCLUDE_IN_FRAMEWORK_HEADER = YES;
				CLANG_WARN_RANGE_LOOP_ANALYSIS = YES;
				CLANG_WARN_STRICT_PROTOTYPES = YES;
				CLANG_WARN_SUSPICIOUS_MOVE = YES;
				CLANG_WARN_UNGUARDED_AVAILABILITY = YES_AGGRESSIVE;
				CLANG_WARN_UNREACHABLE_CODE = YES;
				CLANG_WARN__DUPLICATE_METHOD_MATCH = YES;
				CODE_SIGN_IDENTITY = "iPhone Developer";
				COPY_PHASE_STRIP = NO;
				DEBUG_INFORMATION_FORMAT = dwarf;
				ENABLE_STRICT_OBJC_MSGSEND = YES;
				ENABLE_TESTABILITY = YES;
				ENABLE_USER_SCRIPT_SANDBOXING = NO;
				GCC_C_LANGUAGE_STANDARD = gnu11;
				GCC_DYNAMIC_NO_PIC = NO;
				GCC_NO_COMMON_BLOCKS = YES;
				GCC_OPTIMIZATION_LEVEL = 0;
				GCC_PREPROCESSOR_DEFINITIONS = (
					"DEBUG=1",
					"$(inherited)",
				);
				GCC_WARN_64_TO_32_BIT_CONVERSION = YES;
				GCC_WARN_ABOUT_RETURN_TYPE = YES_ERROR;
				GCC_WARN_UNDECLARED_SELECTOR = YES;
				GCC_WARN_UNINITIALIZED_AUTOS = YES_AGGRESSIVE;
				GCC_WARN_UNUSED_FUNCTION = YES;
				GCC_WARN_UNUSED_VARIABLE = YES;
				IPHONEOS_DEPLOYMENT_TARGET = 12.1;
				MTL_ENABLE_DEBUG_INFO = INCLUDE_SOURCE;
				MTL_FAST_MATH = YES;
				ONLY_ACTIVE_ARCH = YES;
				SDKROOT = iphoneos;
				SWIFT_ACTIVE_COMPILATION_CONDITIONS = DEBUG;
				SWIFT_OPTIMIZATION_LEVEL = "-Onone";
			};
			name = Debug;
		};
		1308836021F9BF720052050C /* Release */ = {
			isa = XCBuildConfiguration;
			buildSettings = {
				ALWAYS_SEARCH_USER_PATHS = NO;
				ASSETCATALOG_COMPILER_GENERATE_SWIFT_ASSET_SYMBOL_EXTENSIONS = YES;
				CLANG_ANALYZER_LOCALIZABILITY_NONLOCALIZED = YES;
				CLANG_ANALYZER_NONNULL = YES;
				CLANG_ANALYZER_NUMBER_OBJECT_CONVERSION = YES_AGGRESSIVE;
				CLANG_CXX_LANGUAGE_STANDARD = "gnu++14";
				CLANG_CXX_LIBRARY = "libc++";
				CLANG_ENABLE_MODULES = YES;
				CLANG_ENABLE_OBJC_ARC = YES;
				CLANG_ENABLE_OBJC_WEAK = YES;
				CLANG_WARN_BLOCK_CAPTURE_AUTORELEASING = YES;
				CLANG_WARN_BOOL_CONVERSION = YES;
				CLANG_WARN_COMMA = YES;
				CLANG_WARN_CONSTANT_CONVERSION = YES;
				CLANG_WARN_DEPRECATED_OBJC_IMPLEMENTATIONS = YES;
				CLANG_WARN_DIRECT_OBJC_ISA_USAGE = YES_ERROR;
				CLANG_WARN_DOCUMENTATION_COMMENTS = YES;
				CLANG_WARN_EMPTY_BODY = YES;
				CLANG_WARN_ENUM_CONVERSION = YES;
				CLANG_WARN_INFINITE_RECURSION = YES;
				CLANG_WARN_INT_CONVERSION = YES;
				CLANG_WARN_NON_LITERAL_NULL_CONVERSION = YES;
				CLANG_WARN_OBJC_IMPLICIT_RETAIN_SELF = YES;
				CLANG_WARN_OBJC_LITERAL_CONVERSION = YES;
				CLANG_WARN_OBJC_ROOT_CLASS = YES_ERROR;
				CLANG_WARN_QUOTED_INCLUDE_IN_FRAMEWORK_HEADER = YES;
				CLANG_WARN_RANGE_LOOP_ANALYSIS = YES;
				CLANG_WARN_STRICT_PROTOTYPES = YES;
				CLANG_WARN_SUSPICIOUS_MOVE = YES;
				CLANG_WARN_UNGUARDED_AVAILABILITY = YES_AGGRESSIVE;
				CLANG_WARN_UNREACHABLE_CODE = YES;
				CLANG_WARN__DUPLICATE_METHOD_MATCH = YES;
				CODE_SIGN_IDENTITY = "iPhone Developer";
				COPY_PHASE_STRIP = NO;
				DEBUG_INFORMATION_FORMAT = "dwarf-with-dsym";
				ENABLE_NS_ASSERTIONS = NO;
				ENABLE_STRICT_OBJC_MSGSEND = YES;
				ENABLE_USER_SCRIPT_SANDBOXING = NO;
				GCC_C_LANGUAGE_STANDARD = gnu11;
				GCC_NO_COMMON_BLOCKS = YES;
				GCC_WARN_64_TO_32_BIT_CONVERSION = YES;
				GCC_WARN_ABOUT_RETURN_TYPE = YES_ERROR;
				GCC_WARN_UNDECLARED_SELECTOR = YES;
				GCC_WARN_UNINITIALIZED_AUTOS = YES_AGGRESSIVE;
				GCC_WARN_UNUSED_FUNCTION = YES;
				GCC_WARN_UNUSED_VARIABLE = YES;
				IPHONEOS_DEPLOYMENT_TARGET = 12.1;
				MTL_ENABLE_DEBUG_INFO = NO;
				MTL_FAST_MATH = YES;
				SDKROOT = iphoneos;
				SWIFT_COMPILATION_MODE = wholemodule;
				SWIFT_OPTIMIZATION_LEVEL = "-O";
				VALIDATE_PRODUCT = YES;
			};
			name = Release;
		};
		1308836221F9BF720052050C /* Debug */ = {
			isa = XCBuildConfiguration;
			baseConfigurationReference = B9FC714A9A7237F1EB6D4CF5 /* Pods-TravelJournal2.debug.xcconfig */;
			buildSettings = {
				ASSETCATALOG_COMPILER_APPICON_NAME = AppIcon;
				CODE_SIGN_STYLE = Automatic;
				CURRENT_PROJECT_VERSION = 1;
				DEVELOPMENT_TEAM = DT55U63BYS;
				INFOPLIST_FILE = TravelJournal2/Info.plist;
				IPHONEOS_DEPLOYMENT_TARGET = 17.0;
				LD_RUNPATH_SEARCH_PATHS = (
					"$(inherited)",
					"@executable_path/Frameworks",
				);
				MARKETING_VERSION = 1.0.0;
				PRODUCT_BUNDLE_IDENTIFIER = se.niclasnordling.TravelJournal2;
				PRODUCT_NAME = "$(TARGET_NAME)";
				SWIFT_VERSION = 5.0;
				TARGETED_DEVICE_FAMILY = "1,2";
			};
			name = Debug;
		};
		1308836321F9BF720052050C /* Release */ = {
			isa = XCBuildConfiguration;
			baseConfigurationReference = 0AF1EC0F20F2C662666B9E6A /* Pods-TravelJournal2.release.xcconfig */;
			buildSettings = {
				ASSETCATALOG_COMPILER_APPICON_NAME = AppIcon;
				CODE_SIGN_STYLE = Automatic;
				CURRENT_PROJECT_VERSION = 1;
				DEVELOPMENT_TEAM = DT55U63BYS;
				INFOPLIST_FILE = TravelJournal2/Info.plist;
				IPHONEOS_DEPLOYMENT_TARGET = 17.0;
				LD_RUNPATH_SEARCH_PATHS = (
					"$(inherited)",
					"@executable_path/Frameworks",
				);
				MARKETING_VERSION = 1.0.0;
				PRODUCT_BUNDLE_IDENTIFIER = se.niclasnordling.TravelJournal2;
				PRODUCT_NAME = "$(TARGET_NAME)";
				SWIFT_VERSION = 5.0;
				TARGETED_DEVICE_FAMILY = "1,2";
			};
			name = Release;
		};
/* End XCBuildConfiguration section */

/* Begin XCConfigurationList section */
		1308834721F9BF710052050C /* Build configuration list for PBXProject "TravelJournal2" */ = {
			isa = XCConfigurationList;
			buildConfigurations = (
				1308835F21F9BF720052050C /* Debug */,
				1308836021F9BF720052050C /* Release */,
			);
			defaultConfigurationIsVisible = 0;
			defaultConfigurationName = Release;
		};
		1308836121F9BF720052050C /* Build configuration list for PBXNativeTarget "TravelJournal2" */ = {
			isa = XCConfigurationList;
			buildConfigurations = (
				1308836221F9BF720052050C /* Debug */,
				1308836321F9BF720052050C /* Release */,
			);
			defaultConfigurationIsVisible = 0;
			defaultConfigurationName = Release;
		};
/* End XCConfigurationList section */

/* Begin XCRemoteSwiftPackageReference section */
		137D92072CCDAB9C00D630C9 /* XCRemoteSwiftPackageReference "firebase-ios-sdk" */ = {
			isa = XCRemoteSwiftPackageReference;
			repositoryURL = "https://github.com/firebase/firebase-ios-sdk.git";
			requirement = {
				kind = upToNextMajorVersion;
				minimumVersion = 11.4.0;
			};
		};
		137D92112CCDAEC100D630C9 /* XCRemoteSwiftPackageReference "facebook-ios-sdk" */ = {
			isa = XCRemoteSwiftPackageReference;
			repositoryURL = "https://github.com/facebook/facebook-ios-sdk.git";
			requirement = {
				kind = upToNextMajorVersion;
				minimumVersion = 14.1.0;
			};
		};
		137D92182CCDB41400D630C9 /* XCRemoteSwiftPackageReference "SVProgressHUD" */ = {
			isa = XCRemoteSwiftPackageReference;
			repositoryURL = "https://github.com/SVProgressHUD/SVProgressHUD.git";
			requirement = {
				kind = upToNextMajorVersion;
				minimumVersion = 2.3.1;
			};
		};
/* End XCRemoteSwiftPackageReference section */

/* Begin XCSwiftPackageProductDependency section */
		137D92082CCDAB9C00D630C9 /* FirebaseAuth */ = {
			isa = XCSwiftPackageProductDependency;
			package = 137D92072CCDAB9C00D630C9 /* XCRemoteSwiftPackageReference "firebase-ios-sdk" */;
			productName = FirebaseAuth;
		};
		137D920A2CCDAB9C00D630C9 /* FirebaseCore */ = {
			isa = XCSwiftPackageProductDependency;
			package = 137D92072CCDAB9C00D630C9 /* XCRemoteSwiftPackageReference "firebase-ios-sdk" */;
			productName = FirebaseCore;
		};
		137D920C2CCDAB9C00D630C9 /* FirebaseFirestore */ = {
			isa = XCSwiftPackageProductDependency;
			package = 137D92072CCDAB9C00D630C9 /* XCRemoteSwiftPackageReference "firebase-ios-sdk" */;
			productName = FirebaseFirestore;
		};
		137D920E2CCDAB9C00D630C9 /* FirebaseStorage */ = {
			isa = XCSwiftPackageProductDependency;
			package = 137D92072CCDAB9C00D630C9 /* XCRemoteSwiftPackageReference "firebase-ios-sdk" */;
			productName = FirebaseStorage;
		};
		137D92122CCDAEC100D630C9 /* FacebookCore */ = {
			isa = XCSwiftPackageProductDependency;
			package = 137D92112CCDAEC100D630C9 /* XCRemoteSwiftPackageReference "facebook-ios-sdk" */;
			productName = FacebookCore;
		};
		137D92142CCDAEC100D630C9 /* FacebookLogin */ = {
			isa = XCSwiftPackageProductDependency;
			package = 137D92112CCDAEC100D630C9 /* XCRemoteSwiftPackageReference "facebook-ios-sdk" */;
			productName = FacebookLogin;
		};
		137D92162CCDAEC100D630C9 /* FacebookShare */ = {
			isa = XCSwiftPackageProductDependency;
			package = 137D92112CCDAEC100D630C9 /* XCRemoteSwiftPackageReference "facebook-ios-sdk" */;
			productName = FacebookShare;
		};
		137D92192CCDB48500D630C9 /* SVProgressHUD */ = {
			isa = XCSwiftPackageProductDependency;
			package = 137D92182CCDB41400D630C9 /* XCRemoteSwiftPackageReference "SVProgressHUD" */;
			productName = SVProgressHUD;
		};
/* End XCSwiftPackageProductDependency section */

/* Begin XCVersionGroup section */
		1308835621F9BF710052050C /* TravelJournal2.xcdatamodeld */ = {
			isa = XCVersionGroup;
			children = (
				1308835721F9BF710052050C /* TravelJournal2.xcdatamodel */,
			);
			currentVersion = 1308835721F9BF710052050C /* TravelJournal2.xcdatamodel */;
			path = TravelJournal2.xcdatamodeld;
			sourceTree = "<group>";
			versionGroupType = wrapper.xcdatamodel;
		};
/* End XCVersionGroup section */
	};
	rootObject = 1308834421F9BF710052050C /* Project object */;
}
